
Microsoft Visual Studio Solution File, Format Version 12.00
# Visual Studio Version 17
VisualStudioVersion = 17.8.34525.116
MinimumVisualStudioVersion = 10.0.40219.1
Project("{9A19103F-16F7-4668-BE54-9A1E7A4F7556}") = "SecretManager", "SecretManager\SecretManager.csproj", "{4EB02BE1-40E3-4125-BBC0-7A08489383C4}"
EndProject
Project("{FAE04EC0-301F-11D3-BF4B-00C04F79EFBC}") = "SecretManager.Tests", "SecretManager.Tests\SecretManager.Tests.csproj", "{1A84994F-54D1-4D5C-BB91-DD5544173242}"
EndProject
Global
	GlobalSection(SolutionConfigurationPlatforms) = preSolution
		Debug|Any CPU = Debug|Any CPU
		Release|Any CPU = Release|Any CPU
	EndGlobalSection
	GlobalSection(ProjectConfigurationPlatforms) = postSolution
		{4EB02BE1-40E3-4125-BBC0-7A08489383C4}.Debug|Any CPU.ActiveCfg = Debug|Any CPU
		{4EB02BE1-40E3-4125-BBC0-7A08489383C4}.Debug|Any CPU.Build.0 = Debug|Any CPU
		{4EB02BE1-40E3-4125-BBC0-7A08489383C4}.Release|Any CPU.ActiveCfg = Release|Any CPU
		{4EB02BE1-40E3-4125-BBC0-7A08489383C4}.Release|Any CPU.Build.0 = Release|Any CPU
		{1A84994F-54D1-4D5C-BB91-DD5544173242}.Debug|Any CPU.ActiveCfg = Debug|Any CPU
		{1A84994F-54D1-4D5C-BB91-DD5544173242}.Debug|Any CPU.Build.0 = Debug|Any CPU
		{1A84994F-54D1-4D5C-BB91-DD5544173242}.Release|Any CPU.ActiveCfg = Release|Any CPU
		{1A84994F-54D1-4D5C-BB91-DD5544173242}.Release|Any CPU.Build.0 = Release|Any CPU
	EndGlobalSection
	GlobalSection(SolutionProperties) = preSolution
		HideSolutionNode = FALSE
	EndGlobalSection
	GlobalSection(ExtensibilityGlobals) = postSolution
		SolutionGuid = {4C2412DB-0C4F-4D58-9481-B6F348CCAB9B}
	EndGlobalSection
EndGlobal
